
Microsoft Visual Studio Solution File, Format Version 12.00
# Visual Studio 15
VisualStudioVersion = 15.0.26403.7
MinimumVisualStudioVersion = 10.0.40219.1
Project("{2150E333-8FDC-42A3-9474-1A3956D46DE8}") = "src", "src", "{353A41D7-D27F-40FE-9D2B-4357C7F6C8A7}"
EndProject
Project("{2150E333-8FDC-42A3-9474-1A3956D46DE8}") = "01.Presentation", "01.Presentation", "{3C722D68-86E0-425E-9BAC-ADF0F4F19638}"
EndProject
Project("{2150E333-8FDC-42A3-9474-1A3956D46DE8}") = "02.Application", "02.Application", "{4085EBAF-CC50-444A-BE86-360FC9B54524}"
EndProject
Project("{2150E333-8FDC-42A3-9474-1A3956D46DE8}") = "03.Domain", "03.Domain", "{A22BA601-2744-469B-94B7-6719D2209A15}"
EndProject
Project("{2150E333-8FDC-42A3-9474-1A3956D46DE8}") = "04.Infrastructure", "04.Infrastructure", "{8B35309C-B26F-42A1-8052-48E48886B7AB}"
EndProject
Project("{9A19103F-16F7-4668-BE54-9A1E7A4F7556}") = "King.Domain", "src\King.Domain\King.Domain.csproj", "{A3119BA9-7EE2-4A34-AECC-EBFEFFF841ED}"
EndProject
Project("{9A19103F-16F7-4668-BE54-9A1E7A4F7556}") = "King.EntityFrameworkCore", "src\King.EntityFrameworkCore\King.EntityFrameworkCore.csproj", "{F83ADA6B-518E-4616-B591-30C46EE5DB7D}"
EndProject
Project("{9A19103F-16F7-4668-BE54-9A1E7A4F7556}") = "King.Utility", "src\King.Utility\King.Utility.csproj", "{6C167E21-1F99-4BAA-AD4B-1B748733ED59}"
EndProject
Project("{9A19103F-16F7-4668-BE54-9A1E7A4F7556}") = "King.Application", "src\King.Application\King.Application.csproj", "{F7C76E12-5F80-43BA-80F6-5B910C7DA2D4}"
EndProject
Project("{9A19103F-16F7-4668-BE54-9A1E7A4F7556}") = "King.MVC", "src\King.MVC\King.MVC.csproj", "{4C46F38B-D650-4B5A-A3E9-6E0BE1580776}"
EndProject
Project("{2150E333-8FDC-42A3-9474-1A3956D46DE8}") = "05.Test", "05.Test", "{668CE6F4-3525-45B9-A59D-4636B4C5925C}"
EndProject
Global
	GlobalSection(SolutionConfigurationPlatforms) = preSolution
		Debug|Any CPU = Debug|Any CPU
		Release|Any CPU = Release|Any CPU
	EndGlobalSection
	GlobalSection(ProjectConfigurationPlatforms) = postSolution
		{A3119BA9-7EE2-4A34-AECC-EBFEFFF841ED}.Debug|Any CPU.ActiveCfg = Debug|Any CPU
		{A3119BA9-7EE2-4A34-AECC-EBFEFFF841ED}.Debug|Any CPU.Build.0 = Debug|Any CPU
		{A3119BA9-7EE2-4A34-AECC-EBFEFFF841ED}.Release|Any CPU.ActiveCfg = Release|Any CPU
		{A3119BA9-7EE2-4A34-AECC-EBFEFFF841ED}.Release|Any CPU.Build.0 = Release|Any CPU
		{F83ADA6B-518E-4616-B591-30C46EE5DB7D}.Debug|Any CPU.ActiveCfg = Debug|Any CPU
		{F83ADA6B-518E-4616-B591-30C46EE5DB7D}.Debug|Any CPU.Build.0 = Debug|Any CPU
		{F83ADA6B-518E-4616-B591-30C46EE5DB7D}.Release|Any CPU.ActiveCfg = Release|Any CPU
		{F83ADA6B-518E-4616-B591-30C46EE5DB7D}.Release|Any CPU.Build.0 = Release|Any CPU
		{6C167E21-1F99-4BAA-AD4B-1B748733ED59}.Debug|Any CPU.ActiveCfg = Debug|Any CPU
		{6C167E21-1F99-4BAA-AD4B-1B748733ED59}.Debug|Any CPU.Build.0 = Debug|Any CPU
		{6C167E21-1F99-4BAA-AD4B-1B748733ED59}.Release|Any CPU.ActiveCfg = Release|Any CPU
		{6C167E21-1F99-4BAA-AD4B-1B748733ED59}.Release|Any CPU.Build.0 = Release|Any CPU
		{F7C76E12-5F80-43BA-80F6-5B910C7DA2D4}.Debug|Any CPU.ActiveCfg = Debug|Any CPU
		{F7C76E12-5F80-43BA-80F6-5B910C7DA2D4}.Debug|Any CPU.Build.0 = Debug|Any CPU
		{F7C76E12-5F80-43BA-80F6-5B910C7DA2D4}.Release|Any CPU.ActiveCfg = Release|Any CPU
		{F7C76E12-5F80-43BA-80F6-5B910C7DA2D4}.Release|Any CPU.Build.0 = Release|Any CPU
		{4C46F38B-D650-4B5A-A3E9-6E0BE1580776}.Debug|Any CPU.ActiveCfg = Debug|Any CPU
		{4C46F38B-D650-4B5A-A3E9-6E0BE1580776}.Debug|Any CPU.Build.0 = Debug|Any CPU
		{4C46F38B-D650-4B5A-A3E9-6E0BE1580776}.Release|Any CPU.ActiveCfg = Release|Any CPU
		{4C46F38B-D650-4B5A-A3E9-6E0BE1580776}.Release|Any CPU.Build.0 = Release|Any CPU
	EndGlobalSection
	GlobalSection(SolutionProperties) = preSolution
		HideSolutionNode = FALSE
	EndGlobalSection
	GlobalSection(NestedProjects) = preSolution
		{3C722D68-86E0-425E-9BAC-ADF0F4F19638} = {353A41D7-D27F-40FE-9D2B-4357C7F6C8A7}
		{4085EBAF-CC50-444A-BE86-360FC9B54524} = {353A41D7-D27F-40FE-9D2B-4357C7F6C8A7}
		{A22BA601-2744-469B-94B7-6719D2209A15} = {353A41D7-D27F-40FE-9D2B-4357C7F6C8A7}
		{8B35309C-B26F-42A1-8052-48E48886B7AB} = {353A41D7-D27F-40FE-9D2B-4357C7F6C8A7}
		{A3119BA9-7EE2-4A34-AECC-EBFEFFF841ED} = {A22BA601-2744-469B-94B7-6719D2209A15}
		{F83ADA6B-518E-4616-B591-30C46EE5DB7D} = {8B35309C-B26F-42A1-8052-48E48886B7AB}
		{6C167E21-1F99-4BAA-AD4B-1B748733ED59} = {8B35309C-B26F-42A1-8052-48E48886B7AB}
		{F7C76E12-5F80-43BA-80F6-5B910C7DA2D4} = {4085EBAF-CC50-444A-BE86-360FC9B54524}
		{4C46F38B-D650-4B5A-A3E9-6E0BE1580776} = {3C722D68-86E0-425E-9BAC-ADF0F4F19638}
		{668CE6F4-3525-45B9-A59D-4636B4C5925C} = {353A41D7-D27F-40FE-9D2B-4357C7F6C8A7}
	EndGlobalSection
EndGlobal
